<?xml version="1.0" encoding="utf-8"?>
<Project ToolsVersion="4.0" xmlns="http://schemas.microsoft.com/developer/msbuild/2003">
  <ItemGroup>
    <Filter Include="Resource Files">
      <UniqueIdentifier>{D9D6E242-F8AF-46E4-B9FD-80ECBC20BA3E}</UniqueIdentifier>
      <Extensions>qrc;*</Extensions>
      <ParseFiles>false</ParseFiles>
    </Filter>
    <Filter Include="Generated Files">
      <UniqueIdentifier>{71ED8ED8-ACB9-4CE9-BBE1-E00B30144E11}</UniqueIdentifier>
      <Extensions>moc;h;cpp</Extensions>
      <SourceControlFiles>False</SourceControlFiles>
    </Filter>
    <Filter Include="Generated Files\Debug">
      <UniqueIdentifier>{1f3e6dd5-b2aa-41e3-b6fe-427aa8d52e6e}</UniqueIdentifier>
      <Extensions>cpp;moc</Extensions>
      <SourceControlFiles>False</SourceControlFiles>
    </Filter>
    <Filter Include="Generated Files\Release">
      <UniqueIdentifier>{491830f7-f26d-43e6-9ff1-db6298ca8801}</UniqueIdentifier>
      <Extensions>cpp;moc</Extensions>
      <SourceControlFiles>False</SourceControlFiles>
    </Filter>
    <Filter Include="Resource Files\Form Files">
      <UniqueIdentifier>{99349809-55BA-4b9d-BF79-8FDBB0286EB3}</UniqueIdentifier>
      <Extensions>ui</Extensions>
    </Filter>
    <Filter Include="PK2">
      <UniqueIdentifier>{5d67080d-ef8e-4f53-8185-dfaa9c230813}</UniqueIdentifier>
    </Filter>
  </ItemGroup>
  <ItemGroup>
    <ClCompile Include="GeneratedFiles\Debug\moc_divisioninfo.cpp">
      <Filter>Generated Files\Debug</Filter>
    </ClCompile>
    <ClCompile Include="GeneratedFiles\Release\moc_divisioninfo.cpp">
      <Filter>Generated Files\Release</Filter>
    </ClCompile>
    <ClCompile Include="GeneratedFiles\qrc_divisioninfo.cpp">
      <Filter>Generated Files</Filter>
    </ClCompile>
    <ClCompile Include="divisioninfo.cpp">
      <Filter>Resource Files</Filter>
    </ClCompile>
    <ClCompile Include="main.cpp" />
    <ClCompile Include="PK2\blowfish.cpp">
      <Filter>PK2</Filter>
    </ClCompile>
    <ClCompile Include="PK2\PK2Builder.cpp">
      <Filter>PK2</Filter>
    </ClCompile>
    <ClCompile Include="PK2\PK2Reader.cpp">
      <Filter>PK2</Filter>
    </ClCompile>
    <ClCompile Include="PK2\PK2Writer.cpp">
      <Filter>PK2</Filter>
    </ClCompile>
    <ClCompile Include="PK2\shared_io.cpp">
      <Filter>PK2</Filter>
    </ClCompile>
  </ItemGroup>
  <ItemGroup>
    <CustomBuild Include="divisioninfo.ui">
      <Filter>Resource Files\Form Files</Filter>
    </CustomBuild>
    <CustomBuild Include="divisioninfo.qrc">
      <Filter>Resource Files</Filter>
    </CustomBuild>
    <CustomBuild Include="divisioninfo.h">
      <Filter>Resource Files</Filter>
    </CustomBuild>
  </ItemGroup>
  <ItemGroup>
    <ClInclude Include="GeneratedFiles\ui_divisioninfo.h">
      <Filter>Generated Files</Filter>
    </ClInclude>
    <ClInclude Include="PK2\blowfish.h">
      <Filter>PK2</Filter>
    </ClInclude>
    <ClInclude Include="PK2\PK2.h">
      <Filter>PK2</Filter>
    </ClInclude>
    <ClInclude Include="PK2\PK2Builder.h">
      <Filter>PK2</Filter>
    </ClInclude>
    <ClInclude Include="PK2\PK2Reader.h">
      <Filter>PK2</Filter>
    </ClInclude>
    <ClInclude Include="PK2\PK2Writer.h">
      <Filter>PK2</Filter>
    </ClInclude>
    <ClInclude Include="PK2\shared_io.h">
      <Filter>PK2</Filter>
    </ClInclude>
  </ItemGroup>
</Project>